
Microsoft Visual Studio Solution File, Format Version 12.00
# Visual Studio 15
VisualStudioVersion = 15.0.28307.1340
MinimumVisualStudioVersion = 10.0.40219.1
Project("{8BC9CEB8-8B4A-11D0-8D11-00A0C91BC942}") = "Blastfrost", "src\Blastfrost.vcxproj", "{700497E9-57DE-48FA-858F-8E143AF6D41F}"
EndProject
Project("{8BC9CEB8-8B4A-11D0-8D11-00A0C91BC942}") = "zlib", "..\zlib\zlib.vcxproj", "{C1B5C97E-4EF4-4797-BCE6-FFB430504B84}"
EndProject
Project("{8BC9CEB8-8B4A-11D0-8D11-00A0C91BC942}") = "bifrostlib", "..\bifrost\bifrostlib.vcxproj", "{D09D776A-FD0B-4301-B61B-9A9BB0F38F74}"
EndProject
Project("{8BC9CEB8-8B4A-11D0-8D11-00A0C91BC942}") = "BiFrost", "..\bifrost\BiFrost.vcxproj", "{9354EBBD-E606-4108-BEDD-1B4B6FCB2F2F}"
EndProject
Global
	GlobalSection(SolutionConfigurationPlatforms) = preSolution
		Debug|x64 = Debug|x64
		Debug|x86 = Debug|x86
		DLL ASM Debug|x64 = DLL ASM Debug|x64
		DLL ASM Debug|x86 = DLL ASM Debug|x86
		DLL ASM Release|x64 = DLL ASM Release|x64
		DLL ASM Release|x86 = DLL ASM Release|x86
		DLL Debug|x64 = DLL Debug|x64
		DLL Debug|x86 = DLL Debug|x86
		DLL Release|x64 = DLL Release|x64
		DLL Release|x86 = DLL Release|x86
		LIB ASM Debug|x64 = LIB ASM Debug|x64
		LIB ASM Debug|x86 = LIB ASM Debug|x86
		LIB ASM Release|x64 = LIB ASM Release|x64
		LIB ASM Release|x86 = LIB ASM Release|x86
		LIB Debug|x64 = LIB Debug|x64
		LIB Debug|x86 = LIB Debug|x86
		LIB Release|x64 = LIB Release|x64
		LIB Release|x86 = LIB Release|x86
		Release notOptimised|x64 = Release notOptimised|x64
		Release notOptimised|x86 = Release notOptimised|x86
		Release|x64 = Release|x64
		Release|x86 = Release|x86
	EndGlobalSection
	GlobalSection(ProjectConfigurationPlatforms) = postSolution
		{700497E9-57DE-48FA-858F-8E143AF6D41F}.Debug|x64.ActiveCfg = Debug|x64
		{700497E9-57DE-48FA-858F-8E143AF6D41F}.Debug|x64.Build.0 = Debug|x64
		{700497E9-57DE-48FA-858F-8E143AF6D41F}.Debug|x86.ActiveCfg = Debug|Win32
		{700497E9-57DE-48FA-858F-8E143AF6D41F}.Debug|x86.Build.0 = Debug|Win32
		{700497E9-57DE-48FA-858F-8E143AF6D41F}.DLL ASM Debug|x64.ActiveCfg = Debug|x64
		{700497E9-57DE-48FA-858F-8E143AF6D41F}.DLL ASM Debug|x64.Build.0 = Debug|x64
		{700497E9-57DE-48FA-858F-8E143AF6D41F}.DLL ASM Debug|x86.ActiveCfg = Debug|Win32
		{700497E9-57DE-48FA-858F-8E143AF6D41F}.DLL ASM Debug|x86.Build.0 = Debug|Win32
		{700497E9-57DE-48FA-858F-8E143AF6D41F}.DLL ASM Release|x64.ActiveCfg = Debug|x64
		{700497E9-57DE-48FA-858F-8E143AF6D41F}.DLL ASM Release|x64.Build.0 = Debug|x64
		{700497E9-57DE-48FA-858F-8E143AF6D41F}.DLL ASM Release|x86.ActiveCfg = Release|Win32
		{700497E9-57DE-48FA-858F-8E143AF6D41F}.DLL ASM Release|x86.Build.0 = Release|Win32
		{700497E9-57DE-48FA-858F-8E143AF6D41F}.DLL Debug|x64.ActiveCfg = Debug|x64
		{700497E9-57DE-48FA-858F-8E143AF6D41F}.DLL Debug|x64.Build.0 = Debug|x64
		{700497E9-57DE-48FA-858F-8E143AF6D41F}.DLL Debug|x86.ActiveCfg = Debug|Win32
		{700497E9-57DE-48FA-858F-8E143AF6D41F}.DLL Debug|x86.Build.0 = Debug|Win32
		{700497E9-57DE-48FA-858F-8E143AF6D41F}.DLL Release|x64.ActiveCfg = Debug|x64
		{700497E9-57DE-48FA-858F-8E143AF6D41F}.DLL Release|x64.Build.0 = Debug|x64
		{700497E9-57DE-48FA-858F-8E143AF6D41F}.DLL Release|x86.ActiveCfg = Release|Win32
		{700497E9-57DE-48FA-858F-8E143AF6D41F}.DLL Release|x86.Build.0 = Release|Win32
		{700497E9-57DE-48FA-858F-8E143AF6D41F}.LIB ASM Debug|x64.ActiveCfg = Debug|x64
		{700497E9-57DE-48FA-858F-8E143AF6D41F}.LIB ASM Debug|x64.Build.0 = Debug|x64
		{700497E9-57DE-48FA-858F-8E143AF6D41F}.LIB ASM Debug|x86.ActiveCfg = Debug|Win32
		{700497E9-57DE-48FA-858F-8E143AF6D41F}.LIB ASM Debug|x86.Build.0 = Debug|Win32
		{700497E9-57DE-48FA-858F-8E143AF6D41F}.LIB ASM Release|x64.ActiveCfg = Debug|x64
		{700497E9-57DE-48FA-858F-8E143AF6D41F}.LIB ASM Release|x64.Build.0 = Debug|x64
		{700497E9-57DE-48FA-858F-8E143AF6D41F}.LIB ASM Release|x86.ActiveCfg = Release|Win32
		{700497E9-57DE-48FA-858F-8E143AF6D41F}.LIB ASM Release|x86.Build.0 = Release|Win32
		{700497E9-57DE-48FA-858F-8E143AF6D41F}.LIB Debug|x64.ActiveCfg = Debug|x64
		{700497E9-57DE-48FA-858F-8E143AF6D41F}.LIB Debug|x64.Build.0 = Debug|x64
		{700497E9-57DE-48FA-858F-8E143AF6D41F}.LIB Debug|x86.ActiveCfg = Debug|Win32
		{700497E9-57DE-48FA-858F-8E143AF6D41F}.LIB Debug|x86.Build.0 = Debug|Win32
		{700497E9-57DE-48FA-858F-8E143AF6D41F}.LIB Release|x64.ActiveCfg = Debug|x64
		{700497E9-57DE-48FA-858F-8E143AF6D41F}.LIB Release|x64.Build.0 = Debug|x64
		{700497E9-57DE-48FA-858F-8E143AF6D41F}.LIB Release|x86.ActiveCfg = Release|Win32
		{700497E9-57DE-48FA-858F-8E143AF6D41F}.LIB Release|x86.Build.0 = Release|Win32
		{700497E9-57DE-48FA-858F-8E143AF6D41F}.Release notOptimised|x64.ActiveCfg = Debug|x64
		{700497E9-57DE-48FA-858F-8E143AF6D41F}.Release notOptimised|x64.Build.0 = Debug|x64
		{700497E9-57DE-48FA-858F-8E143AF6D41F}.Release notOptimised|x86.ActiveCfg = Release|Win32
		{700497E9-57DE-48FA-858F-8E143AF6D41F}.Release notOptimised|x86.Build.0 = Release|Win32
		{700497E9-57DE-48FA-858F-8E143AF6D41F}.Release|x64.ActiveCfg = Debug|x64
		{700497E9-57DE-48FA-858F-8E143AF6D41F}.Release|x64.Build.0 = Debug|x64
		{700497E9-57DE-48FA-858F-8E143AF6D41F}.Release|x86.ActiveCfg = Release|Win32
		{700497E9-57DE-48FA-858F-8E143AF6D41F}.Release|x86.Build.0 = Release|Win32
		{C1B5C97E-4EF4-4797-BCE6-FFB430504B84}.Debug|x64.ActiveCfg = Debug|x64
		{C1B5C97E-4EF4-4797-BCE6-FFB430504B84}.Debug|x64.Build.0 = Debug|x64
		{C1B5C97E-4EF4-4797-BCE6-FFB430504B84}.Debug|x86.ActiveCfg = Debug|Win32
		{C1B5C97E-4EF4-4797-BCE6-FFB430504B84}.Debug|x86.Build.0 = Debug|Win32
		{C1B5C97E-4EF4-4797-BCE6-FFB430504B84}.DLL ASM Debug|x64.ActiveCfg = Debug|x64
		{C1B5C97E-4EF4-4797-BCE6-FFB430504B84}.DLL ASM Debug|x64.Build.0 = Debug|x64
		{C1B5C97E-4EF4-4797-BCE6-FFB430504B84}.DLL ASM Debug|x86.ActiveCfg = DLL ASM Debug|Win32
		{C1B5C97E-4EF4-4797-BCE6-FFB430504B84}.DLL ASM Debug|x86.Build.0 = DLL ASM Debug|Win32
		{C1B5C97E-4EF4-4797-BCE6-FFB430504B84}.DLL ASM Release|x64.ActiveCfg = Debug|x64
		{C1B5C97E-4EF4-4797-BCE6-FFB430504B84}.DLL ASM Release|x64.Build.0 = Debug|x64
		{C1B5C97E-4EF4-4797-BCE6-FFB430504B84}.DLL ASM Release|x86.ActiveCfg = DLL ASM Release|Win32
		{C1B5C97E-4EF4-4797-BCE6-FFB430504B84}.DLL ASM Release|x86.Build.0 = DLL ASM Release|Win32
		{C1B5C97E-4EF4-4797-BCE6-FFB430504B84}.DLL Debug|x64.ActiveCfg = Debug|x64
		{C1B5C97E-4EF4-4797-BCE6-FFB430504B84}.DLL Debug|x64.Build.0 = Debug|x64
		{C1B5C97E-4EF4-4797-BCE6-FFB430504B84}.DLL Debug|x86.ActiveCfg = DLL Debug|Win32
		{C1B5C97E-4EF4-4797-BCE6-FFB430504B84}.DLL Debug|x86.Build.0 = DLL Debug|Win32
		{C1B5C97E-4EF4-4797-BCE6-FFB430504B84}.DLL Release|x64.ActiveCfg = Debug|x64
		{C1B5C97E-4EF4-4797-BCE6-FFB430504B84}.DLL Release|x64.Build.0 = Debug|x64
		{C1B5C97E-4EF4-4797-BCE6-FFB430504B84}.DLL Release|x86.ActiveCfg = DLL Release|Win32
		{C1B5C97E-4EF4-4797-BCE6-FFB430504B84}.DLL Release|x86.Build.0 = DLL Release|Win32
		{C1B5C97E-4EF4-4797-BCE6-FFB430504B84}.LIB ASM Debug|x64.ActiveCfg = Debug|x64
		{C1B5C97E-4EF4-4797-BCE6-FFB430504B84}.LIB ASM Debug|x64.Build.0 = Debug|x64
		{C1B5C97E-4EF4-4797-BCE6-FFB430504B84}.LIB ASM Debug|x86.ActiveCfg = LIB ASM Debug|Win32
		{C1B5C97E-4EF4-4797-BCE6-FFB430504B84}.LIB ASM Debug|x86.Build.0 = LIB ASM Debug|Win32
		{C1B5C97E-4EF4-4797-BCE6-FFB430504B84}.LIB ASM Release|x64.ActiveCfg = Debug|x64
		{C1B5C97E-4EF4-4797-BCE6-FFB430504B84}.LIB ASM Release|x64.Build.0 = Debug|x64
		{C1B5C97E-4EF4-4797-BCE6-FFB430504B84}.LIB ASM Release|x86.ActiveCfg = LIB ASM Release|Win32
		{C1B5C97E-4EF4-4797-BCE6-FFB430504B84}.LIB ASM Release|x86.Build.0 = LIB ASM Release|Win32
		{C1B5C97E-4EF4-4797-BCE6-FFB430504B84}.LIB Debug|x64.ActiveCfg = Debug|x64
		{C1B5C97E-4EF4-4797-BCE6-FFB430504B84}.LIB Debug|x64.Build.0 = Debug|x64
		{C1B5C97E-4EF4-4797-BCE6-FFB430504B84}.LIB Debug|x86.ActiveCfg = LIB Debug|Win32
		{C1B5C97E-4EF4-4797-BCE6-FFB430504B84}.LIB Debug|x86.Build.0 = LIB Debug|Win32
		{C1B5C97E-4EF4-4797-BCE6-FFB430504B84}.LIB Release|x64.ActiveCfg = Debug|x64
		{C1B5C97E-4EF4-4797-BCE6-FFB430504B84}.LIB Release|x64.Build.0 = Debug|x64
		{C1B5C97E-4EF4-4797-BCE6-FFB430504B84}.LIB Release|x86.ActiveCfg = LIB Release|Win32
		{C1B5C97E-4EF4-4797-BCE6-FFB430504B84}.LIB Release|x86.Build.0 = LIB Release|Win32
		{C1B5C97E-4EF4-4797-BCE6-FFB430504B84}.Release notOptimised|x64.ActiveCfg = Debug|x64
		{C1B5C97E-4EF4-4797-BCE6-FFB430504B84}.Release notOptimised|x64.Build.0 = Debug|x64
		{C1B5C97E-4EF4-4797-BCE6-FFB430504B84}.Release notOptimised|x86.ActiveCfg = Release notOptimised|Win32
		{C1B5C97E-4EF4-4797-BCE6-FFB430504B84}.Release notOptimised|x86.Build.0 = Release notOptimised|Win32
		{C1B5C97E-4EF4-4797-BCE6-FFB430504B84}.Release|x64.ActiveCfg = Debug|x64
		{C1B5C97E-4EF4-4797-BCE6-FFB430504B84}.Release|x64.Build.0 = Debug|x64
		{C1B5C97E-4EF4-4797-BCE6-FFB430504B84}.Release|x86.ActiveCfg = Release|Win32
		{C1B5C97E-4EF4-4797-BCE6-FFB430504B84}.Release|x86.Build.0 = Release|Win32
		{D09D776A-FD0B-4301-B61B-9A9BB0F38F74}.Debug|x64.ActiveCfg = Debug|x64
		{D09D776A-FD0B-4301-B61B-9A9BB0F38F74}.Debug|x64.Build.0 = Debug|x64
		{D09D776A-FD0B-4301-B61B-9A9BB0F38F74}.Debug|x86.ActiveCfg = Debug|Win32
		{D09D776A-FD0B-4301-B61B-9A9BB0F38F74}.Debug|x86.Build.0 = Debug|Win32
		{D09D776A-FD0B-4301-B61B-9A9BB0F38F74}.DLL ASM Debug|x64.ActiveCfg = Debug|x64
		{D09D776A-FD0B-4301-B61B-9A9BB0F38F74}.DLL ASM Debug|x64.Build.0 = Debug|x64
		{D09D776A-FD0B-4301-B61B-9A9BB0F38F74}.DLL ASM Debug|x86.ActiveCfg = Debug|Win32
		{D09D776A-FD0B-4301-B61B-9A9BB0F38F74}.DLL ASM Debug|x86.Build.0 = Debug|Win32
		{D09D776A-FD0B-4301-B61B-9A9BB0F38F74}.DLL ASM Release|x64.ActiveCfg = Debug|x64
		{D09D776A-FD0B-4301-B61B-9A9BB0F38F74}.DLL ASM Release|x64.Build.0 = Debug|x64
		{D09D776A-FD0B-4301-B61B-9A9BB0F38F74}.DLL ASM Release|x86.ActiveCfg = Release|Win32
		{D09D776A-FD0B-4301-B61B-9A9BB0F38F74}.DLL ASM Release|x86.Build.0 = Release|Win32
		{D09D776A-FD0B-4301-B61B-9A9BB0F38F74}.DLL Debug|x64.ActiveCfg = Debug|x64
		{D09D776A-FD0B-4301-B61B-9A9BB0F38F74}.DLL Debug|x64.Build.0 = Debug|x64
		{D09D776A-FD0B-4301-B61B-9A9BB0F38F74}.DLL Debug|x86.ActiveCfg = Debug|Win32
		{D09D776A-FD0B-4301-B61B-9A9BB0F38F74}.DLL Debug|x86.Build.0 = Debug|Win32
		{D09D776A-FD0B-4301-B61B-9A9BB0F38F74}.DLL Release|x64.ActiveCfg = Debug|x64
		{D09D776A-FD0B-4301-B61B-9A9BB0F38F74}.DLL Release|x64.Build.0 = Debug|x64
		{D09D776A-FD0B-4301-B61B-9A9BB0F38F74}.DLL Release|x86.ActiveCfg = Release|Win32
		{D09D776A-FD0B-4301-B61B-9A9BB0F38F74}.DLL Release|x86.Build.0 = Release|Win32
		{D09D776A-FD0B-4301-B61B-9A9BB0F38F74}.LIB ASM Debug|x64.ActiveCfg = Debug|x64
		{D09D776A-FD0B-4301-B61B-9A9BB0F38F74}.LIB ASM Debug|x64.Build.0 = Debug|x64
		{D09D776A-FD0B-4301-B61B-9A9BB0F38F74}.LIB ASM Debug|x86.ActiveCfg = Debug|Win32
		{D09D776A-FD0B-4301-B61B-9A9BB0F38F74}.LIB ASM Debug|x86.Build.0 = Debug|Win32
		{D09D776A-FD0B-4301-B61B-9A9BB0F38F74}.LIB ASM Release|x64.ActiveCfg = Debug|x64
		{D09D776A-FD0B-4301-B61B-9A9BB0F38F74}.LIB ASM Release|x64.Build.0 = Debug|x64
		{D09D776A-FD0B-4301-B61B-9A9BB0F38F74}.LIB ASM Release|x86.ActiveCfg = Release|Win32
		{D09D776A-FD0B-4301-B61B-9A9BB0F38F74}.LIB ASM Release|x86.Build.0 = Release|Win32
		{D09D776A-FD0B-4301-B61B-9A9BB0F38F74}.LIB Debug|x64.ActiveCfg = Debug|x64
		{D09D776A-FD0B-4301-B61B-9A9BB0F38F74}.LIB Debug|x64.Build.0 = Debug|x64
		{D09D776A-FD0B-4301-B61B-9A9BB0F38F74}.LIB Debug|x86.ActiveCfg = Debug|Win32
		{D09D776A-FD0B-4301-B61B-9A9BB0F38F74}.LIB Debug|x86.Build.0 = Debug|Win32
		{D09D776A-FD0B-4301-B61B-9A9BB0F38F74}.LIB Release|x64.ActiveCfg = Debug|x64
		{D09D776A-FD0B-4301-B61B-9A9BB0F38F74}.LIB Release|x64.Build.0 = Debug|x64
		{D09D776A-FD0B-4301-B61B-9A9BB0F38F74}.LIB Release|x86.ActiveCfg = Release|Win32
		{D09D776A-FD0B-4301-B61B-9A9BB0F38F74}.LIB Release|x86.Build.0 = Release|Win32
		{D09D776A-FD0B-4301-B61B-9A9BB0F38F74}.Release notOptimised|x64.ActiveCfg = Debug|x64
		{D09D776A-FD0B-4301-B61B-9A9BB0F38F74}.Release notOptimised|x64.Build.0 = Debug|x64
		{D09D776A-FD0B-4301-B61B-9A9BB0F38F74}.Release notOptimised|x86.ActiveCfg = Release|Win32
		{D09D776A-FD0B-4301-B61B-9A9BB0F38F74}.Release notOptimised|x86.Build.0 = Release|Win32
		{D09D776A-FD0B-4301-B61B-9A9BB0F38F74}.Release|x64.ActiveCfg = Debug|x64
		{D09D776A-FD0B-4301-B61B-9A9BB0F38F74}.Release|x64.Build.0 = Debug|x64
		{D09D776A-FD0B-4301-B61B-9A9BB0F38F74}.Release|x86.ActiveCfg = Release|Win32
		{D09D776A-FD0B-4301-B61B-9A9BB0F38F74}.Release|x86.Build.0 = Release|Win32
		{9354EBBD-E606-4108-BEDD-1B4B6FCB2F2F}.Debug|x64.ActiveCfg = Debug|x64
		{9354EBBD-E606-4108-BEDD-1B4B6FCB2F2F}.Debug|x64.Build.0 = Debug|x64
		{9354EBBD-E606-4108-BEDD-1B4B6FCB2F2F}.Debug|x86.ActiveCfg = Debug|Win32
		{9354EBBD-E606-4108-BEDD-1B4B6FCB2F2F}.Debug|x86.Build.0 = Debug|Win32
		{9354EBBD-E606-4108-BEDD-1B4B6FCB2F2F}.DLL ASM Debug|x64.ActiveCfg = Debug|x64
		{9354EBBD-E606-4108-BEDD-1B4B6FCB2F2F}.DLL ASM Debug|x64.Build.0 = Debug|x64
		{9354EBBD-E606-4108-BEDD-1B4B6FCB2F2F}.DLL ASM Debug|x86.ActiveCfg = Debug|Win32
		{9354EBBD-E606-4108-BEDD-1B4B6FCB2F2F}.DLL ASM Debug|x86.Build.0 = Debug|Win32
		{9354EBBD-E606-4108-BEDD-1B4B6FCB2F2F}.DLL ASM Release|x64.ActiveCfg = Debug|x64
		{9354EBBD-E606-4108-BEDD-1B4B6FCB2F2F}.DLL ASM Release|x64.Build.0 = Debug|x64
		{9354EBBD-E606-4108-BEDD-1B4B6FCB2F2F}.DLL ASM Release|x86.ActiveCfg = Release|Win32
		{9354EBBD-E606-4108-BEDD-1B4B6FCB2F2F}.DLL ASM Release|x86.Build.0 = Release|Win32
		{9354EBBD-E606-4108-BEDD-1B4B6FCB2F2F}.DLL Debug|x64.ActiveCfg = Debug|x64
		{9354EBBD-E606-4108-BEDD-1B4B6FCB2F2F}.DLL Debug|x64.Build.0 = Debug|x64
		{9354EBBD-E606-4108-BEDD-1B4B6FCB2F2F}.DLL Debug|x86.ActiveCfg = Debug|Win32
		{9354EBBD-E606-4108-BEDD-1B4B6FCB2F2F}.DLL Debug|x86.Build.0 = Debug|Win32
		{9354EBBD-E606-4108-BEDD-1B4B6FCB2F2F}.DLL Release|x64.ActiveCfg = Debug|x64
		{9354EBBD-E606-4108-BEDD-1B4B6FCB2F2F}.DLL Release|x64.Build.0 = Debug|x64
		{9354EBBD-E606-4108-BEDD-1B4B6FCB2F2F}.DLL Release|x86.ActiveCfg = Release|Win32
		{9354EBBD-E606-4108-BEDD-1B4B6FCB2F2F}.DLL Release|x86.Build.0 = Release|Win32
		{9354EBBD-E606-4108-BEDD-1B4B6FCB2F2F}.LIB ASM Debug|x64.ActiveCfg = Debug|x64
		{9354EBBD-E606-4108-BEDD-1B4B6FCB2F2F}.LIB ASM Debug|x64.Build.0 = Debug|x64
		{9354EBBD-E606-4108-BEDD-1B4B6FCB2F2F}.LIB ASM Debug|x86.ActiveCfg = Debug|Win32
		{9354EBBD-E606-4108-BEDD-1B4B6FCB2F2F}.LIB ASM Debug|x86.Build.0 = Debug|Win32
		{9354EBBD-E606-4108-BEDD-1B4B6FCB2F2F}.LIB ASM Release|x64.ActiveCfg = Debug|x64
		{9354EBBD-E606-4108-BEDD-1B4B6FCB2F2F}.LIB ASM Release|x64.Build.0 = Debug|x64
		{9354EBBD-E606-4108-BEDD-1B4B6FCB2F2F}.LIB ASM Release|x86.ActiveCfg = Release|Win32
		{9354EBBD-E606-4108-BEDD-1B4B6FCB2F2F}.LIB ASM Release|x86.Build.0 = Release|Win32
		{9354EBBD-E606-4108-BEDD-1B4B6FCB2F2F}.LIB Debug|x64.ActiveCfg = Debug|x64
		{9354EBBD-E606-4108-BEDD-1B4B6FCB2F2F}.LIB Debug|x64.Build.0 = Debug|x64
		{9354EBBD-E606-4108-BEDD-1B4B6FCB2F2F}.LIB Debug|x86.ActiveCfg = Debug|Win32
		{9354EBBD-E606-4108-BEDD-1B4B6FCB2F2F}.LIB Debug|x86.Build.0 = Debug|Win32
		{9354EBBD-E606-4108-BEDD-1B4B6FCB2F2F}.LIB Release|x64.ActiveCfg = Debug|x64
		{9354EBBD-E606-4108-BEDD-1B4B6FCB2F2F}.LIB Release|x64.Build.0 = Debug|x64
		{9354EBBD-E606-4108-BEDD-1B4B6FCB2F2F}.LIB Release|x86.ActiveCfg = Release|Win32
		{9354EBBD-E606-4108-BEDD-1B4B6FCB2F2F}.LIB Release|x86.Build.0 = Release|Win32
		{9354EBBD-E606-4108-BEDD-1B4B6FCB2F2F}.Release notOptimised|x64.ActiveCfg = Debug|x64
		{9354EBBD-E606-4108-BEDD-1B4B6FCB2F2F}.Release notOptimised|x64.Build.0 = Debug|x64
		{9354EBBD-E606-4108-BEDD-1B4B6FCB2F2F}.Release notOptimised|x86.ActiveCfg = Release|Win32
		{9354EBBD-E606-4108-BEDD-1B4B6FCB2F2F}.Release notOptimised|x86.Build.0 = Release|Win32
		{9354EBBD-E606-4108-BEDD-1B4B6FCB2F2F}.Release|x64.ActiveCfg = Debug|x64
		{9354EBBD-E606-4108-BEDD-1B4B6FCB2F2F}.Release|x64.Build.0 = Debug|x64
		{9354EBBD-E606-4108-BEDD-1B4B6FCB2F2F}.Release|x86.ActiveCfg = Release|Win32
		{9354EBBD-E606-4108-BEDD-1B4B6FCB2F2F}.Release|x86.Build.0 = Release|Win32
	EndGlobalSection
	GlobalSection(SolutionProperties) = preSolution
		HideSolutionNode = FALSE
	EndGlobalSection
	GlobalSection(ExtensibilityGlobals) = postSolution
		SolutionGuid = {07E2805E-2864-4AAE-9DE8-25FF9430BBA4}
	EndGlobalSection
EndGlobal
